
Microsoft Visual Studio Solution File, Format Version 12.00
# Visual Studio Version 17
VisualStudioVersion = 17.5.33627.172
MinimumVisualStudioVersion = 10.0.40219.1
Project("{8BC9CEB8-8B4A-11D0-8D11-00A0C91BC942}") = "Homework0518", "Homework0518\Homework0518.vcxproj", "{9EAD6016-D592-4CBD-9F73-05D7AA9BE5A7}"
EndProject
Project("{8BC9CEB8-8B4A-11D0-8D11-00A0C91BC942}") = "Homework0519", "Homework0519\Homework0519.vcxproj", "{8D33B426-2AFC-4FBE-837D-3ECF93BCC382}"
EndProject
Project("{8BC9CEB8-8B4A-11D0-8D11-00A0C91BC942}") = "Homework0522", "Homework0522\Homework0522.vcxproj", "{79017E8E-D8B1-442B-9817-06B4C8FAC886}"
EndProject
Project("{8BC9CEB8-8B4A-11D0-8D11-00A0C91BC942}") = "Homework0523", "Homework0523\Homework0523.vcxproj", "{8F4024DD-9D78-4357-B6E2-16B592219B04}"
EndProject
Project("{8BC9CEB8-8B4A-11D0-8D11-00A0C91BC942}") = "Homework0524", "Homework0524\Homework0524.vcxproj", "{2C9444A1-8512-4640-855B-BED934515B71}"
EndProject
Project("{8BC9CEB8-8B4A-11D0-8D11-00A0C91BC942}") = "Homework0525", "Homework0525\Homework0525.vcxproj", "{AF3C60FB-C372-401B-9938-852331982081}"
EndProject
Project("{8BC9CEB8-8B4A-11D0-8D11-00A0C91BC942}") = "HomeWork0526", "HomeWork0526\HomeWork0526.vcxproj", "{998235AA-485A-478B-905A-AB219192C5CB}"
EndProject
Project("{8BC9CEB8-8B4A-11D0-8D11-00A0C91BC942}") = "Homework0531", "Homework0531\Homework0531.vcxproj", "{1AB8DD8A-45E3-4C20-8EA2-8F1798849DBD}"
EndProject
Project("{8BC9CEB8-8B4A-11D0-8D11-00A0C91BC942}") = "Homework0601", "Homework0601\Homework0601.vcxproj", "{39ECD2BF-21FE-40DA-A31C-756BEABEA2C5}"
EndProject
Global
	GlobalSection(SolutionConfigurationPlatforms) = preSolution
		Debug|x64 = Debug|x64
		Debug|x86 = Debug|x86
		Release|x64 = Release|x64
		Release|x86 = Release|x86
	EndGlobalSection
	GlobalSection(ProjectConfigurationPlatforms) = postSolution
		{9EAD6016-D592-4CBD-9F73-05D7AA9BE5A7}.Debug|x64.ActiveCfg = Debug|x64
		{9EAD6016-D592-4CBD-9F73-05D7AA9BE5A7}.Debug|x64.Build.0 = Debug|x64
		{9EAD6016-D592-4CBD-9F73-05D7AA9BE5A7}.Debug|x86.ActiveCfg = Debug|Win32
		{9EAD6016-D592-4CBD-9F73-05D7AA9BE5A7}.Debug|x86.Build.0 = Debug|Win32
		{9EAD6016-D592-4CBD-9F73-05D7AA9BE5A7}.Release|x64.ActiveCfg = Release|x64
		{9EAD6016-D592-4CBD-9F73-05D7AA9BE5A7}.Release|x64.Build.0 = Release|x64
		{9EAD6016-D592-4CBD-9F73-05D7AA9BE5A7}.Release|x86.ActiveCfg = Release|Win32
		{9EAD6016-D592-4CBD-9F73-05D7AA9BE5A7}.Release|x86.Build.0 = Release|Win32
		{8D33B426-2AFC-4FBE-837D-3ECF93BCC382}.Debug|x64.ActiveCfg = Debug|x64
		{8D33B426-2AFC-4FBE-837D-3ECF93BCC382}.Debug|x64.Build.0 = Debug|x64
		{8D33B426-2AFC-4FBE-837D-3ECF93BCC382}.Debug|x86.ActiveCfg = Debug|Win32
		{8D33B426-2AFC-4FBE-837D-3ECF93BCC382}.Debug|x86.Build.0 = Debug|Win32
		{8D33B426-2AFC-4FBE-837D-3ECF93BCC382}.Release|x64.ActiveCfg = Release|x64
		{8D33B426-2AFC-4FBE-837D-3ECF93BCC382}.Release|x64.Build.0 = Release|x64
		{8D33B426-2AFC-4FBE-837D-3ECF93BCC382}.Release|x86.ActiveCfg = Release|Win32
		{8D33B426-2AFC-4FBE-837D-3ECF93BCC382}.Release|x86.Build.0 = Release|Win32
		{79017E8E-D8B1-442B-9817-06B4C8FAC886}.Debug|x64.ActiveCfg = Debug|x64
		{79017E8E-D8B1-442B-9817-06B4C8FAC886}.Debug|x64.Build.0 = Debug|x64
		{79017E8E-D8B1-442B-9817-06B4C8FAC886}.Debug|x86.ActiveCfg = Debug|Win32
		{79017E8E-D8B1-442B-9817-06B4C8FAC886}.Debug|x86.Build.0 = Debug|Win32
		{79017E8E-D8B1-442B-9817-06B4C8FAC886}.Release|x64.ActiveCfg = Release|x64
		{79017E8E-D8B1-442B-9817-06B4C8FAC886}.Release|x64.Build.0 = Release|x64
		{79017E8E-D8B1-442B-9817-06B4C8FAC886}.Release|x86.ActiveCfg = Release|Win32
		{79017E8E-D8B1-442B-9817-06B4C8FAC886}.Release|x86.Build.0 = Release|Win32
		{8F4024DD-9D78-4357-B6E2-16B592219B04}.Debug|x64.ActiveCfg = Debug|x64
		{8F4024DD-9D78-4357-B6E2-16B592219B04}.Debug|x64.Build.0 = Debug|x64
		{8F4024DD-9D78-4357-B6E2-16B592219B04}.Debug|x86.ActiveCfg = Debug|Win32
		{8F4024DD-9D78-4357-B6E2-16B592219B04}.Debug|x86.Build.0 = Debug|Win32
		{8F4024DD-9D78-4357-B6E2-16B592219B04}.Release|x64.ActiveCfg = Release|x64
		{8F4024DD-9D78-4357-B6E2-16B592219B04}.Release|x64.Build.0 = Release|x64
		{8F4024DD-9D78-4357-B6E2-16B592219B04}.Release|x86.ActiveCfg = Release|Win32
		{8F4024DD-9D78-4357-B6E2-16B592219B04}.Release|x86.Build.0 = Release|Win32
		{2C9444A1-8512-4640-855B-BED934515B71}.Debug|x64.ActiveCfg = Debug|x64
		{2C9444A1-8512-4640-855B-BED934515B71}.Debug|x64.Build.0 = Debug|x64
		{2C9444A1-8512-4640-855B-BED934515B71}.Debug|x86.ActiveCfg = Debug|Win32
		{2C9444A1-8512-4640-855B-BED934515B71}.Debug|x86.Build.0 = Debug|Win32
		{2C9444A1-8512-4640-855B-BED934515B71}.Release|x64.ActiveCfg = Release|x64
		{2C9444A1-8512-4640-855B-BED934515B71}.Release|x64.Build.0 = Release|x64
		{2C9444A1-8512-4640-855B-BED934515B71}.Release|x86.ActiveCfg = Release|Win32
		{2C9444A1-8512-4640-855B-BED934515B71}.Release|x86.Build.0 = Release|Win32
		{AF3C60FB-C372-401B-9938-852331982081}.Debug|x64.ActiveCfg = Debug|x64
		{AF3C60FB-C372-401B-9938-852331982081}.Debug|x64.Build.0 = Debug|x64
		{AF3C60FB-C372-401B-9938-852331982081}.Debug|x86.ActiveCfg = Debug|Win32
		{AF3C60FB-C372-401B-9938-852331982081}.Debug|x86.Build.0 = Debug|Win32
		{AF3C60FB-C372-401B-9938-852331982081}.Release|x64.ActiveCfg = Release|x64
		{AF3C60FB-C372-401B-9938-852331982081}.Release|x64.Build.0 = Release|x64
		{AF3C60FB-C372-401B-9938-852331982081}.Release|x86.ActiveCfg = Release|Win32
		{AF3C60FB-C372-401B-9938-852331982081}.Release|x86.Build.0 = Release|Win32
		{998235AA-485A-478B-905A-AB219192C5CB}.Debug|x64.ActiveCfg = Debug|x64
		{998235AA-485A-478B-905A-AB219192C5CB}.Debug|x64.Build.0 = Debug|x64
		{998235AA-485A-478B-905A-AB219192C5CB}.Debug|x86.ActiveCfg = Debug|Win32
		{998235AA-485A-478B-905A-AB219192C5CB}.Debug|x86.Build.0 = Debug|Win32
		{998235AA-485A-478B-905A-AB219192C5CB}.Release|x64.ActiveCfg = Release|x64
		{998235AA-485A-478B-905A-AB219192C5CB}.Release|x64.Build.0 = Release|x64
		{998235AA-485A-478B-905A-AB219192C5CB}.Release|x86.ActiveCfg = Release|Win32
		{998235AA-485A-478B-905A-AB219192C5CB}.Release|x86.Build.0 = Release|Win32
		{1AB8DD8A-45E3-4C20-8EA2-8F1798849DBD}.Debug|x64.ActiveCfg = Debug|x64
		{1AB8DD8A-45E3-4C20-8EA2-8F1798849DBD}.Debug|x64.Build.0 = Debug|x64
		{1AB8DD8A-45E3-4C20-8EA2-8F1798849DBD}.Debug|x86.ActiveCfg = Debug|Win32
		{1AB8DD8A-45E3-4C20-8EA2-8F1798849DBD}.Debug|x86.Build.0 = Debug|Win32
		{1AB8DD8A-45E3-4C20-8EA2-8F1798849DBD}.Release|x64.ActiveCfg = Release|x64
		{1AB8DD8A-45E3-4C20-8EA2-8F1798849DBD}.Release|x64.Build.0 = Release|x64
		{1AB8DD8A-45E3-4C20-8EA2-8F1798849DBD}.Release|x86.ActiveCfg = Release|Win32
		{1AB8DD8A-45E3-4C20-8EA2-8F1798849DBD}.Release|x86.Build.0 = Release|Win32
		{39ECD2BF-21FE-40DA-A31C-756BEABEA2C5}.Debug|x64.ActiveCfg = Debug|x64
		{39ECD2BF-21FE-40DA-A31C-756BEABEA2C5}.Debug|x64.Build.0 = Debug|x64
		{39ECD2BF-21FE-40DA-A31C-756BEABEA2C5}.Debug|x86.ActiveCfg = Debug|Win32
		{39ECD2BF-21FE-40DA-A31C-756BEABEA2C5}.Debug|x86.Build.0 = Debug|Win32
		{39ECD2BF-21FE-40DA-A31C-756BEABEA2C5}.Release|x64.ActiveCfg = Release|x64
		{39ECD2BF-21FE-40DA-A31C-756BEABEA2C5}.Release|x64.Build.0 = Release|x64
		{39ECD2BF-21FE-40DA-A31C-756BEABEA2C5}.Release|x86.ActiveCfg = Release|Win32
		{39ECD2BF-21FE-40DA-A31C-756BEABEA2C5}.Release|x86.Build.0 = Release|Win32
	EndGlobalSection
	GlobalSection(SolutionProperties) = preSolution
		HideSolutionNode = FALSE
	EndGlobalSection
	GlobalSection(ExtensibilityGlobals) = postSolution
		SolutionGuid = {A2758641-CC8A-4E10-AF55-4F1067732993}
	EndGlobalSection
EndGlobal
